// !$*UTF8*$!
{
	archiveVersion = 1;
	classes = {
	};
	objectVersion = 55;
	objects = {

/* Begin PBXBuildFile section */
		2F32057B27BFEDC30026DB6F /* AppDelegate.swift in Sources */ = {isa = PBXBuildFile; fileRef = 2F32057A27BFEDC30026DB6F /* AppDelegate.swift */; };
		2F32057D27BFEDC30026DB6F /* SceneDelegate.swift in Sources */ = {isa = PBXBuildFile; fileRef = 2F32057C27BFEDC30026DB6F /* SceneDelegate.swift */; };
		2F32057F27BFEDC30026DB6F /* ViewController.swift in Sources */ = {isa = PBXBuildFile; fileRef = 2F32057E27BFEDC30026DB6F /* ViewController.swift */; };
		2F32058227BFEDC30026DB6F /* Main.storyboard in Resources */ = {isa = PBXBuildFile; fileRef = 2F32058027BFEDC30026DB6F /* Main.storyboard */; };
		2F32058427BFEDC40026DB6F /* Assets.xcassets in Resources */ = {isa = PBXBuildFile; fileRef = 2F32058327BFEDC40026DB6F /* Assets.xcassets */; };
		2F32058727BFEDC40026DB6F /* LaunchScreen.storyboard in Resources */ = {isa = PBXBuildFile; fileRef = 2F32058527BFEDC40026DB6F /* LaunchScreen.storyboard */; };
		2F32059727BFF39B0026DB6F /* CreateView.storyboard in Resources */ = {isa = PBXBuildFile; fileRef = 2F32059627BFF39B0026DB6F /* CreateView.storyboard */; };
		2F32059A27BFF5ED0026DB6F /* CreateViewController.swift in Sources */ = {isa = PBXBuildFile; fileRef = 2F32059927BFF5ED0026DB6F /* CreateViewController.swift */; };
		2F3205A727C0146E0026DB6F /* MultiCardsView.storyboard in Resources */ = {isa = PBXBuildFile; fileRef = 2F3205A627C0146E0026DB6F /* MultiCardsView.storyboard */; };
		2F3205A927C014DF0026DB6F /* MultiCardsViewController.swift in Sources */ = {isa = PBXBuildFile; fileRef = 2F3205A827C014DF0026DB6F /* MultiCardsViewController.swift */; };
		2F3205AC27C0150C0026DB6F /* SingleCardCell.swift in Sources */ = {isa = PBXBuildFile; fileRef = 2F3205AA27C0150C0026DB6F /* SingleCardCell.swift */; };
		2F3205AD27C0150C0026DB6F /* SingleCardCell.xib in Resources */ = {isa = PBXBuildFile; fileRef = 2F3205AB27C0150C0026DB6F /* SingleCardCell.xib */; };
		2F3205AF27C0189E0026DB6F /* MultiCardsViewController+Delegate&Datasource.swift in Sources */ = {isa = PBXBuildFile; fileRef = 2F3205AE27C0189E0026DB6F /* MultiCardsViewController+Delegate&Datasource.swift */; };
		2F3205B327C019440026DB6F /* CardModel.swift in Sources */ = {isa = PBXBuildFile; fileRef = 2F3205B227C019440026DB6F /* CardModel.swift */; };
		2F3205B527C020EF0026DB6F /* MultiCardsViewController+Utilities.swift in Sources */ = {isa = PBXBuildFile; fileRef = 2F3205B427C020EF0026DB6F /* MultiCardsViewController+Utilities.swift */; };
		2F3205BA27C021D50026DB6F /* SingleCardViewController.swift in Sources */ = {isa = PBXBuildFile; fileRef = 2F3205B927C021D50026DB6F /* SingleCardViewController.swift */; };
		2F3205BD27C029ED0026DB6F /* MultiCardsViewModel.swift in Sources */ = {isa = PBXBuildFile; fileRef = 2F3205BC27C029ED0026DB6F /* MultiCardsViewModel.swift */; };
		F9AA64CB27BFFEB8009025D2 /* UserViewVC.swift in Sources */ = {isa = PBXBuildFile; fileRef = F9AA64CA27BFFEB8009025D2 /* UserViewVC.swift */; };
		F9AA64CD27BFFED0009025D2 /* UserViewSB.storyboard in Resources */ = {isa = PBXBuildFile; fileRef = F9AA64CC27BFFED0009025D2 /* UserViewSB.storyboard */; };
		F9AA64CF27C0124D009025D2 /* GoogleService-Info.plist in Resources */ = {isa = PBXBuildFile; fileRef = F9AA64CE27C0124D009025D2 /* GoogleService-Info.plist */; };
		F9AA64D227C014AC009025D2 /* FirebaseAuth in Frameworks */ = {isa = PBXBuildFile; productRef = F9AA64D127C014AC009025D2 /* FirebaseAuth */; };
		F9AA64D427C014AC009025D2 /* FirebaseCrashlytics in Frameworks */ = {isa = PBXBuildFile; productRef = F9AA64D327C014AC009025D2 /* FirebaseCrashlytics */; };
		F9AA64D627C014AC009025D2 /* FirebaseFirestore in Frameworks */ = {isa = PBXBuildFile; productRef = F9AA64D527C014AC009025D2 /* FirebaseFirestore */; };

/* End PBXBuildFile section */

/* Begin PBXFileReference section */
		2F32057727BFEDC30026DB6F /* FirebaseDemoApp.app */ = {isa = PBXFileReference; explicitFileType = wrapper.application; includeInIndex = 0; path = FirebaseDemoApp.app; sourceTree = BUILT_PRODUCTS_DIR; };
		2F32057A27BFEDC30026DB6F /* AppDelegate.swift */ = {isa = PBXFileReference; lastKnownFileType = sourcecode.swift; path = AppDelegate.swift; sourceTree = "<group>"; };
		2F32057C27BFEDC30026DB6F /* SceneDelegate.swift */ = {isa = PBXFileReference; lastKnownFileType = sourcecode.swift; path = SceneDelegate.swift; sourceTree = "<group>"; };
		2F32057E27BFEDC30026DB6F /* ViewController.swift */ = {isa = PBXFileReference; lastKnownFileType = sourcecode.swift; path = ViewController.swift; sourceTree = "<group>"; };
		2F32058127BFEDC30026DB6F /* Base */ = {isa = PBXFileReference; lastKnownFileType = file.storyboard; name = Base; path = Base.lproj/Main.storyboard; sourceTree = "<group>"; };
		2F32058327BFEDC40026DB6F /* Assets.xcassets */ = {isa = PBXFileReference; lastKnownFileType = folder.assetcatalog; path = Assets.xcassets; sourceTree = "<group>"; };
		2F32058627BFEDC40026DB6F /* Base */ = {isa = PBXFileReference; lastKnownFileType = file.storyboard; name = Base; path = Base.lproj/LaunchScreen.storyboard; sourceTree = "<group>"; };
		2F32058827BFEDC40026DB6F /* Info.plist */ = {isa = PBXFileReference; lastKnownFileType = text.plist.xml; path = Info.plist; sourceTree = "<group>"; };
		2F32059627BFF39B0026DB6F /* CreateView.storyboard */ = {isa = PBXFileReference; lastKnownFileType = file.storyboard; path = CreateView.storyboard; sourceTree = "<group>"; };
		2F32059927BFF5ED0026DB6F /* CreateViewController.swift */ = {isa = PBXFileReference; lastKnownFileType = sourcecode.swift; path = CreateViewController.swift; sourceTree = "<group>"; };
		2F3205A627C0146E0026DB6F /* MultiCardsView.storyboard */ = {isa = PBXFileReference; lastKnownFileType = file.storyboard; path = MultiCardsView.storyboard; sourceTree = "<group>"; };
		2F3205A827C014DF0026DB6F /* MultiCardsViewController.swift */ = {isa = PBXFileReference; lastKnownFileType = sourcecode.swift; path = MultiCardsViewController.swift; sourceTree = "<group>"; };
		2F3205AA27C0150C0026DB6F /* SingleCardCell.swift */ = {isa = PBXFileReference; lastKnownFileType = sourcecode.swift; path = SingleCardCell.swift; sourceTree = "<group>"; };
		2F3205AB27C0150C0026DB6F /* SingleCardCell.xib */ = {isa = PBXFileReference; lastKnownFileType = file.xib; path = SingleCardCell.xib; sourceTree = "<group>"; };
		2F3205AE27C0189E0026DB6F /* MultiCardsViewController+Delegate&Datasource.swift */ = {isa = PBXFileReference; lastKnownFileType = sourcecode.swift; path = "MultiCardsViewController+Delegate&Datasource.swift"; sourceTree = "<group>"; };
		2F3205B227C019440026DB6F /* CardModel.swift */ = {isa = PBXFileReference; lastKnownFileType = sourcecode.swift; path = CardModel.swift; sourceTree = "<group>"; };
		2F3205B427C020EF0026DB6F /* MultiCardsViewController+Utilities.swift */ = {isa = PBXFileReference; lastKnownFileType = sourcecode.swift; path = "MultiCardsViewController+Utilities.swift"; sourceTree = "<group>"; };
		2F3205B927C021D50026DB6F /* SingleCardViewController.swift */ = {isa = PBXFileReference; lastKnownFileType = sourcecode.swift; path = SingleCardViewController.swift; sourceTree = "<group>"; };
		2F3205BC27C029ED0026DB6F /* MultiCardsViewModel.swift */ = {isa = PBXFileReference; lastKnownFileType = sourcecode.swift; path = MultiCardsViewModel.swift; sourceTree = "<group>"; };
		F9AA64CA27BFFEB8009025D2 /* UserViewVC.swift */ = {isa = PBXFileReference; lastKnownFileType = sourcecode.swift; path = UserViewVC.swift; sourceTree = "<group>"; };
		F9AA64CC27BFFED0009025D2 /* UserViewSB.storyboard */ = {isa = PBXFileReference; lastKnownFileType = file.storyboard; path = UserViewSB.storyboard; sourceTree = "<group>"; };
		F9AA64CE27C0124D009025D2 /* GoogleService-Info.plist */ = {isa = PBXFileReference; fileEncoding = 4; lastKnownFileType = text.plist.xml; path = "GoogleService-Info.plist"; sourceTree = "<group>"; };
/* End PBXFileReference section */

/* Begin PBXFrameworksBuildPhase section */
		2F32057427BFEDC30026DB6F /* Frameworks */ = {
			isa = PBXFrameworksBuildPhase;
			buildActionMask = 2147483647;
			files = (
				F9AA64D227C014AC009025D2 /* FirebaseAuth in Frameworks */,
				F9AA64D427C014AC009025D2 /* FirebaseCrashlytics in Frameworks */,
				F9AA64D627C014AC009025D2 /* FirebaseFirestore in Frameworks */,
			);
			runOnlyForDeploymentPostprocessing = 0;
		};
/* End PBXFrameworksBuildPhase section */

/* Begin PBXGroup section */
		2F32056E27BFEDC30026DB6F = {
			isa = PBXGroup;
			children = (
				2F32057927BFEDC30026DB6F /* FirebaseDemoApp */,
				2F32057827BFEDC30026DB6F /* Products */,
			);
			sourceTree = "<group>";
		};
		2F32057827BFEDC30026DB6F /* Products */ = {
			isa = PBXGroup;
			children = (
				2F32057727BFEDC30026DB6F /* FirebaseDemoApp.app */,
			);
			name = Products;
			sourceTree = "<group>";
		};
		2F32057927BFEDC30026DB6F /* FirebaseDemoApp */ = {
			isa = PBXGroup;
			children = (
				2F3205B627C021A50026DB6F /* SingleCardView */,
				F9AA64CE27C0124D009025D2 /* GoogleService-Info.plist */,
				2F32059227BFEE600026DB6F /* supporting */,
				2F32059127BFEE4F0026DB6F /* CreateView */,
				2F32059027BFEE3E0026DB6F /* UserView */,
				2F32058F27BFEE2C0026DB6F /* MultiCardsView */,
				2F32058E27BFEDD90026DB6F /* LoginView */,
				2F32058827BFEDC40026DB6F /* Info.plist */,
			);
			path = FirebaseDemoApp;
			sourceTree = "<group>";
		};
		2F32058E27BFEDD90026DB6F /* LoginView */ = {
			isa = PBXGroup;
			children = (
				2F32059427BFEE8E0026DB6F /* viewControllers */,
				2F32059327BFEE7F0026DB6F /* views */,
			);
			path = LoginView;
			sourceTree = "<group>";
		};
		2F32058F27BFEE2C0026DB6F /* MultiCardsView */ = {
			isa = PBXGroup;
			children = (
				2F3205BB27C029CE0026DB6F /* viewModels */,
				2F3205B027C0192B0026DB6F /* models */,
				2F32059C27BFFA550026DB6F /* viewControllers */,
				2F32059B27BFFA4E0026DB6F /* views */,
			);
			path = MultiCardsView;
			sourceTree = "<group>";
		};
		2F32059027BFEE3E0026DB6F /* UserView */ = {
			isa = PBXGroup;
			children = (
				F9AA64C827BFFE96009025D2 /* viewControllers */,
				F9AA64C927BFFE9E009025D2 /* views */,
			);
			path = UserView;
			sourceTree = "<group>";
		};
		2F32059127BFEE4F0026DB6F /* CreateView */ = {
			isa = PBXGroup;
			children = (
				2F32059827BFF5D60026DB6F /* viewControllers */,
				2F32059527BFF3870026DB6F /* views */,
			);
			path = CreateView;
			sourceTree = "<group>";
		};
		2F32059227BFEE600026DB6F /* supporting */ = {
			isa = PBXGroup;
			children = (
				2F32057C27BFEDC30026DB6F /* SceneDelegate.swift */,
				2F32058327BFEDC40026DB6F /* Assets.xcassets */,
				2F32057A27BFEDC30026DB6F /* AppDelegate.swift */,
			);
			path = supporting;
			sourceTree = "<group>";
		};
		2F32059327BFEE7F0026DB6F /* views */ = {
			isa = PBXGroup;
			children = (
				2F32058027BFEDC30026DB6F /* Main.storyboard */,
				2F32058527BFEDC40026DB6F /* LaunchScreen.storyboard */,
			);
			path = views;
			sourceTree = "<group>";
		};
		2F32059427BFEE8E0026DB6F /* viewControllers */ = {
			isa = PBXGroup;
			children = (
				2F32057E27BFEDC30026DB6F /* ViewController.swift */,
			);
			path = viewControllers;
			sourceTree = "<group>";
		};
		2F32059527BFF3870026DB6F /* views */ = {
			isa = PBXGroup;
			children = (
				2F32059627BFF39B0026DB6F /* CreateView.storyboard */,
			);
			path = views;
			sourceTree = "<group>";
		};
		2F32059827BFF5D60026DB6F /* viewControllers */ = {
			isa = PBXGroup;
			children = (
				2F32059927BFF5ED0026DB6F /* CreateViewController.swift */,
			);
			path = viewControllers;
			sourceTree = "<group>";
		};
		2F32059B27BFFA4E0026DB6F /* views */ = {
			isa = PBXGroup;
			children = (
				2F3205A627C0146E0026DB6F /* MultiCardsView.storyboard */,
			);
			path = views;
			sourceTree = "<group>";
		};
		2F32059C27BFFA550026DB6F /* viewControllers */ = {
			isa = PBXGroup;
			children = (
				2F3205A327BFFFB90026DB6F /* cells */,
				2F3205A827C014DF0026DB6F /* MultiCardsViewController.swift */,
				2F3205AE27C0189E0026DB6F /* MultiCardsViewController+Delegate&Datasource.swift */,
				2F3205B427C020EF0026DB6F /* MultiCardsViewController+Utilities.swift */,
		F9AA64C827BFFE96009025D2 /* viewControllers */ = {
			isa = PBXGroup;
			children = (
				F9AA64CA27BFFEB8009025D2 /* UserViewVC.swift */,
			);
			path = viewControllers;
			sourceTree = "<group>";
		};
		2F3205A327BFFFB90026DB6F /* cells */ = {
			isa = PBXGroup;
			children = (
				2F3205AA27C0150C0026DB6F /* SingleCardCell.swift */,
				2F3205AB27C0150C0026DB6F /* SingleCardCell.xib */,
			);
			path = cells;
			sourceTree = "<group>";
		};
		2F3205B027C0192B0026DB6F /* models */ = {
			isa = PBXGroup;
			children = (
				2F3205B227C019440026DB6F /* CardModel.swift */,
			);
			path = models;
			sourceTree = "<group>";
		};
		2F3205B627C021A50026DB6F /* SingleCardView */ = {
			isa = PBXGroup;
			children = (
				2F3205B827C021BF0026DB6F /* viewControllers */,
				2F3205B727C021B80026DB6F /* views */,
			);
			path = SingleCardView;
			sourceTree = "<group>";
		};
		2F3205B727C021B80026DB6F /* views */ = {
			isa = PBXGroup;
			children = (
		F9AA64C927BFFE9E009025D2 /* views */ = {
			isa = PBXGroup;
			children = (
				F9AA64CC27BFFED0009025D2 /* UserViewSB.storyboard */,
			);
			path = views;
			sourceTree = "<group>";
		};
		2F3205B827C021BF0026DB6F /* viewControllers */ = {
			isa = PBXGroup;
			children = (
				2F3205B927C021D50026DB6F /* SingleCardViewController.swift */,
			);
			path = viewControllers;
			sourceTree = "<group>";
		};
		2F3205BB27C029CE0026DB6F /* viewModels */ = {
			isa = PBXGroup;
			children = (
				2F3205BC27C029ED0026DB6F /* MultiCardsViewModel.swift */,
			);
			path = viewModels;
			sourceTree = "<group>";
		};
/* End PBXGroup section */

/* Begin PBXNativeTarget section */
		2F32057627BFEDC30026DB6F /* FirebaseDemoApp */ = {
			isa = PBXNativeTarget;
			buildConfigurationList = 2F32058B27BFEDC40026DB6F /* Build configuration list for PBXNativeTarget "FirebaseDemoApp" */;
			buildPhases = (
				2F32057327BFEDC30026DB6F /* Sources */,
				2F32057427BFEDC30026DB6F /* Frameworks */,
				2F32057527BFEDC30026DB6F /* Resources */,
			);
			buildRules = (
			);
			dependencies = (
			);
			name = FirebaseDemoApp;
			packageProductDependencies = (
				F9AA64D127C014AC009025D2 /* FirebaseAuth */,
				F9AA64D327C014AC009025D2 /* FirebaseCrashlytics */,
				F9AA64D527C014AC009025D2 /* FirebaseFirestore */,
			);
			productName = FirebaseDemoApp;
			productReference = 2F32057727BFEDC30026DB6F /* FirebaseDemoApp.app */;
			productType = "com.apple.product-type.application";
		};
/* End PBXNativeTarget section */

/* Begin PBXProject section */
		2F32056F27BFEDC30026DB6F /* Project object */ = {
			isa = PBXProject;
			attributes = {
				BuildIndependentTargetsInParallel = 1;
				LastSwiftUpdateCheck = 1320;
				LastUpgradeCheck = 1320;
				TargetAttributes = {
					2F32057627BFEDC30026DB6F = {
						CreatedOnToolsVersion = 13.2.1;
					};
				};
			};
			buildConfigurationList = 2F32057227BFEDC30026DB6F /* Build configuration list for PBXProject "FirebaseDemoApp" */;
			compatibilityVersion = "Xcode 13.0";
			developmentRegion = en;
			hasScannedForEncodings = 0;
			knownRegions = (
				en,
				Base,
			);
			mainGroup = 2F32056E27BFEDC30026DB6F;
			packageReferences = (
				F9AA64D027C014AC009025D2 /* XCRemoteSwiftPackageReference "firebase-ios-sdk" */,
			);
			productRefGroup = 2F32057827BFEDC30026DB6F /* Products */;
			projectDirPath = "";
			projectRoot = "";
			targets = (
				2F32057627BFEDC30026DB6F /* FirebaseDemoApp */,
			);
		};
/* End PBXProject section */

/* Begin PBXResourcesBuildPhase section */
		2F32057527BFEDC30026DB6F /* Resources */ = {
			isa = PBXResourcesBuildPhase;
			buildActionMask = 2147483647;
			files = (
				2F32058727BFEDC40026DB6F /* LaunchScreen.storyboard in Resources */,
				F9AA64CD27BFFED0009025D2 /* UserViewSB.storyboard in Resources */,
				2F32058427BFEDC40026DB6F /* Assets.xcassets in Resources */,
				2F32058227BFEDC30026DB6F /* Main.storyboard in Resources */,
				2F3205AD27C0150C0026DB6F /* SingleCardCell.xib in Resources */,
				2F3205A727C0146E0026DB6F /* MultiCardsView.storyboard in Resources */,
				2F32059727BFF39B0026DB6F /* CreateView.storyboard in Resources */,
				F9AA64CF27C0124D009025D2 /* GoogleService-Info.plist in Resources */,
			);
			runOnlyForDeploymentPostprocessing = 0;
		};
/* End PBXResourcesBuildPhase section */

/* Begin PBXSourcesBuildPhase section */
		2F32057327BFEDC30026DB6F /* Sources */ = {
			isa = PBXSourcesBuildPhase;
			buildActionMask = 2147483647;
			files = (
				2F3205A927C014DF0026DB6F /* MultiCardsViewController.swift in Sources */,
				2F3205AC27C0150C0026DB6F /* SingleCardCell.swift in Sources */,
				2F3205BA27C021D50026DB6F /* SingleCardViewController.swift in Sources */,
				2F32059A27BFF5ED0026DB6F /* CreateViewController.swift in Sources */,
				2F3205AF27C0189E0026DB6F /* MultiCardsViewController+Delegate&Datasource.swift in Sources */,
				2F32057F27BFEDC30026DB6F /* ViewController.swift in Sources */,
				2F3205BD27C029ED0026DB6F /* MultiCardsViewModel.swift in Sources */,
				2F3205B527C020EF0026DB6F /* MultiCardsViewController+Utilities.swift in Sources */,
				2F3205B327C019440026DB6F /* CardModel.swift in Sources */,
				2F32057B27BFEDC30026DB6F /* AppDelegate.swift in Sources */,
				F9AA64CB27BFFEB8009025D2 /* UserViewVC.swift in Sources */,
				2F32057D27BFEDC30026DB6F /* SceneDelegate.swift in Sources */,
			);
			runOnlyForDeploymentPostprocessing = 0;
		};
/* End PBXSourcesBuildPhase section */

/* Begin PBXVariantGroup section */
		2F32058027BFEDC30026DB6F /* Main.storyboard */ = {
			isa = PBXVariantGroup;
			children = (
				2F32058127BFEDC30026DB6F /* Base */,
			);
			name = Main.storyboard;
			sourceTree = "<group>";
		};
		2F32058527BFEDC40026DB6F /* LaunchScreen.storyboard */ = {
			isa = PBXVariantGroup;
			children = (
				2F32058627BFEDC40026DB6F /* Base */,
			);
			name = LaunchScreen.storyboard;
			sourceTree = "<group>";
		};
/* End PBXVariantGroup section */

/* Begin XCBuildConfiguration section */
		2F32058927BFEDC40026DB6F /* Debug */ = {
			isa = XCBuildConfiguration;
			buildSettings = {
				ALWAYS_SEARCH_USER_PATHS = NO;
				CLANG_ANALYZER_NONNULL = YES;
				CLANG_ANALYZER_NUMBER_OBJECT_CONVERSION = YES_AGGRESSIVE;
				CLANG_CXX_LANGUAGE_STANDARD = "gnu++17";
				CLANG_CXX_LIBRARY = "libc++";
				CLANG_ENABLE_MODULES = YES;
				CLANG_ENABLE_OBJC_ARC = YES;
				CLANG_ENABLE_OBJC_WEAK = YES;
				CLANG_WARN_BLOCK_CAPTURE_AUTORELEASING = YES;
				CLANG_WARN_BOOL_CONVERSION = YES;
				CLANG_WARN_COMMA = YES;
				CLANG_WARN_CONSTANT_CONVERSION = YES;
				CLANG_WARN_DEPRECATED_OBJC_IMPLEMENTATIONS = YES;
				CLANG_WARN_DIRECT_OBJC_ISA_USAGE = YES_ERROR;
				CLANG_WARN_DOCUMENTATION_COMMENTS = YES;
				CLANG_WARN_EMPTY_BODY = YES;
				CLANG_WARN_ENUM_CONVERSION = YES;
				CLANG_WARN_INFINITE_RECURSION = YES;
				CLANG_WARN_INT_CONVERSION = YES;
				CLANG_WARN_NON_LITERAL_NULL_CONVERSION = YES;
				CLANG_WARN_OBJC_IMPLICIT_RETAIN_SELF = YES;
				CLANG_WARN_OBJC_LITERAL_CONVERSION = YES;
				CLANG_WARN_OBJC_ROOT_CLASS = YES_ERROR;
				CLANG_WARN_QUOTED_INCLUDE_IN_FRAMEWORK_HEADER = YES;
				CLANG_WARN_RANGE_LOOP_ANALYSIS = YES;
				CLANG_WARN_STRICT_PROTOTYPES = YES;
				CLANG_WARN_SUSPICIOUS_MOVE = YES;
				CLANG_WARN_UNGUARDED_AVAILABILITY = YES_AGGRESSIVE;
				CLANG_WARN_UNREACHABLE_CODE = YES;
				CLANG_WARN__DUPLICATE_METHOD_MATCH = YES;
				COPY_PHASE_STRIP = NO;
				DEBUG_INFORMATION_FORMAT = dwarf;
				ENABLE_STRICT_OBJC_MSGSEND = YES;
				ENABLE_TESTABILITY = YES;
				GCC_C_LANGUAGE_STANDARD = gnu11;
				GCC_DYNAMIC_NO_PIC = NO;
				GCC_NO_COMMON_BLOCKS = YES;
				GCC_OPTIMIZATION_LEVEL = 0;
				GCC_PREPROCESSOR_DEFINITIONS = (
					"DEBUG=1",
					"$(inherited)",
				);
				GCC_WARN_64_TO_32_BIT_CONVERSION = YES;
				GCC_WARN_ABOUT_RETURN_TYPE = YES_ERROR;
				GCC_WARN_UNDECLARED_SELECTOR = YES;
				GCC_WARN_UNINITIALIZED_AUTOS = YES_AGGRESSIVE;
				GCC_WARN_UNUSED_FUNCTION = YES;
				GCC_WARN_UNUSED_VARIABLE = YES;
				IPHONEOS_DEPLOYMENT_TARGET = 15.2;
				MTL_ENABLE_DEBUG_INFO = INCLUDE_SOURCE;
				MTL_FAST_MATH = YES;
				ONLY_ACTIVE_ARCH = YES;
				SDKROOT = iphoneos;
				SWIFT_ACTIVE_COMPILATION_CONDITIONS = DEBUG;
				SWIFT_OPTIMIZATION_LEVEL = "-Onone";
			};
			name = Debug;
		};
		2F32058A27BFEDC40026DB6F /* Release */ = {
			isa = XCBuildConfiguration;
			buildSettings = {
				ALWAYS_SEARCH_USER_PATHS = NO;
				CLANG_ANALYZER_NONNULL = YES;
				CLANG_ANALYZER_NUMBER_OBJECT_CONVERSION = YES_AGGRESSIVE;
				CLANG_CXX_LANGUAGE_STANDARD = "gnu++17";
				CLANG_CXX_LIBRARY = "libc++";
				CLANG_ENABLE_MODULES = YES;
				CLANG_ENABLE_OBJC_ARC = YES;
				CLANG_ENABLE_OBJC_WEAK = YES;
				CLANG_WARN_BLOCK_CAPTURE_AUTORELEASING = YES;
				CLANG_WARN_BOOL_CONVERSION = YES;
				CLANG_WARN_COMMA = YES;
				CLANG_WARN_CONSTANT_CONVERSION = YES;
				CLANG_WARN_DEPRECATED_OBJC_IMPLEMENTATIONS = YES;
				CLANG_WARN_DIRECT_OBJC_ISA_USAGE = YES_ERROR;
				CLANG_WARN_DOCUMENTATION_COMMENTS = YES;
				CLANG_WARN_EMPTY_BODY = YES;
				CLANG_WARN_ENUM_CONVERSION = YES;
				CLANG_WARN_INFINITE_RECURSION = YES;
				CLANG_WARN_INT_CONVERSION = YES;
				CLANG_WARN_NON_LITERAL_NULL_CONVERSION = YES;
				CLANG_WARN_OBJC_IMPLICIT_RETAIN_SELF = YES;
				CLANG_WARN_OBJC_LITERAL_CONVERSION = YES;
				CLANG_WARN_OBJC_ROOT_CLASS = YES_ERROR;
				CLANG_WARN_QUOTED_INCLUDE_IN_FRAMEWORK_HEADER = YES;
				CLANG_WARN_RANGE_LOOP_ANALYSIS = YES;
				CLANG_WARN_STRICT_PROTOTYPES = YES;
				CLANG_WARN_SUSPICIOUS_MOVE = YES;
				CLANG_WARN_UNGUARDED_AVAILABILITY = YES_AGGRESSIVE;
				CLANG_WARN_UNREACHABLE_CODE = YES;
				CLANG_WARN__DUPLICATE_METHOD_MATCH = YES;
				COPY_PHASE_STRIP = NO;
				DEBUG_INFORMATION_FORMAT = "dwarf-with-dsym";
				ENABLE_NS_ASSERTIONS = NO;
				ENABLE_STRICT_OBJC_MSGSEND = YES;
				GCC_C_LANGUAGE_STANDARD = gnu11;
				GCC_NO_COMMON_BLOCKS = YES;
				GCC_WARN_64_TO_32_BIT_CONVERSION = YES;
				GCC_WARN_ABOUT_RETURN_TYPE = YES_ERROR;
				GCC_WARN_UNDECLARED_SELECTOR = YES;
				GCC_WARN_UNINITIALIZED_AUTOS = YES_AGGRESSIVE;
				GCC_WARN_UNUSED_FUNCTION = YES;
				GCC_WARN_UNUSED_VARIABLE = YES;
				IPHONEOS_DEPLOYMENT_TARGET = 15.2;
				MTL_ENABLE_DEBUG_INFO = NO;
				MTL_FAST_MATH = YES;
				SDKROOT = iphoneos;
				SWIFT_COMPILATION_MODE = wholemodule;
				SWIFT_OPTIMIZATION_LEVEL = "-O";
				VALIDATE_PRODUCT = YES;
			};
			name = Release;
		};
		2F32058C27BFEDC40026DB6F /* Debug */ = {
			isa = XCBuildConfiguration;
			buildSettings = {
				ASSETCATALOG_COMPILER_APPICON_NAME = AppIcon;
				ASSETCATALOG_COMPILER_GLOBAL_ACCENT_COLOR_NAME = AccentColor;
				CODE_SIGN_STYLE = Automatic;
				CURRENT_PROJECT_VERSION = 1;
				DEVELOPMENT_TEAM = 593T2TT4A8;
				GENERATE_INFOPLIST_FILE = YES;
				INFOPLIST_FILE = FirebaseDemoApp/Info.plist;
				INFOPLIST_KEY_UIApplicationSupportsIndirectInputEvents = YES;
				INFOPLIST_KEY_UILaunchStoryboardName = LaunchScreen;
				INFOPLIST_KEY_UIMainStoryboardFile = Main;
				INFOPLIST_KEY_UISupportedInterfaceOrientations_iPad = "UIInterfaceOrientationPortrait UIInterfaceOrientationPortraitUpsideDown UIInterfaceOrientationLandscapeLeft UIInterfaceOrientationLandscapeRight";
				INFOPLIST_KEY_UISupportedInterfaceOrientations_iPhone = "UIInterfaceOrientationPortrait UIInterfaceOrientationLandscapeLeft UIInterfaceOrientationLandscapeRight";
				LD_RUNPATH_SEARCH_PATHS = (
					"$(inherited)",
					"@executable_path/Frameworks",
				);
				MARKETING_VERSION = 1.0;
				PRODUCT_BUNDLE_IDENTIFIER = com.Rave.FirebaseDemoApp;
				PRODUCT_NAME = "$(TARGET_NAME)";
				SWIFT_EMIT_LOC_STRINGS = YES;
				SWIFT_VERSION = 5.0;
				TARGETED_DEVICE_FAMILY = "1,2";
			};
			name = Debug;
		};
		2F32058D27BFEDC40026DB6F /* Release */ = {
			isa = XCBuildConfiguration;
			buildSettings = {
				ASSETCATALOG_COMPILER_APPICON_NAME = AppIcon;
				ASSETCATALOG_COMPILER_GLOBAL_ACCENT_COLOR_NAME = AccentColor;
				CODE_SIGN_STYLE = Automatic;
				CURRENT_PROJECT_VERSION = 1;
				DEVELOPMENT_TEAM = 593T2TT4A8;
				GENERATE_INFOPLIST_FILE = YES;
				INFOPLIST_FILE = FirebaseDemoApp/Info.plist;
				INFOPLIST_KEY_UIApplicationSupportsIndirectInputEvents = YES;
				INFOPLIST_KEY_UILaunchStoryboardName = LaunchScreen;
				INFOPLIST_KEY_UIMainStoryboardFile = Main;
				INFOPLIST_KEY_UISupportedInterfaceOrientations_iPad = "UIInterfaceOrientationPortrait UIInterfaceOrientationPortraitUpsideDown UIInterfaceOrientationLandscapeLeft UIInterfaceOrientationLandscapeRight";
				INFOPLIST_KEY_UISupportedInterfaceOrientations_iPhone = "UIInterfaceOrientationPortrait UIInterfaceOrientationLandscapeLeft UIInterfaceOrientationLandscapeRight";
				LD_RUNPATH_SEARCH_PATHS = (
					"$(inherited)",
					"@executable_path/Frameworks",
				);
				MARKETING_VERSION = 1.0;
				PRODUCT_BUNDLE_IDENTIFIER = com.Rave.FirebaseDemoApp;
				PRODUCT_NAME = "$(TARGET_NAME)";
				SWIFT_EMIT_LOC_STRINGS = YES;
				SWIFT_VERSION = 5.0;
				TARGETED_DEVICE_FAMILY = "1,2";
			};
			name = Release;
		};
/* End XCBuildConfiguration section */

/* Begin XCConfigurationList section */
		2F32057227BFEDC30026DB6F /* Build configuration list for PBXProject "FirebaseDemoApp" */ = {
			isa = XCConfigurationList;
			buildConfigurations = (
				2F32058927BFEDC40026DB6F /* Debug */,
				2F32058A27BFEDC40026DB6F /* Release */,
			);
			defaultConfigurationIsVisible = 0;
			defaultConfigurationName = Release;
		};
		2F32058B27BFEDC40026DB6F /* Build configuration list for PBXNativeTarget "FirebaseDemoApp" */ = {
			isa = XCConfigurationList;
			buildConfigurations = (
				2F32058C27BFEDC40026DB6F /* Debug */,
				2F32058D27BFEDC40026DB6F /* Release */,
			);
			defaultConfigurationIsVisible = 0;
			defaultConfigurationName = Release;
		};
/* End XCConfigurationList section */

/* Begin XCRemoteSwiftPackageReference section */
		F9AA64D027C014AC009025D2 /* XCRemoteSwiftPackageReference "firebase-ios-sdk" */ = {
			isa = XCRemoteSwiftPackageReference;
			repositoryURL = "https://github.com/firebase/firebase-ios-sdk";
			requirement = {
				kind = upToNextMajorVersion;
				minimumVersion = 8.0.0;
			};
		};
/* End XCRemoteSwiftPackageReference section */

/* Begin XCSwiftPackageProductDependency section */
		F9AA64D127C014AC009025D2 /* FirebaseAuth */ = {
			isa = XCSwiftPackageProductDependency;
			package = F9AA64D027C014AC009025D2 /* XCRemoteSwiftPackageReference "firebase-ios-sdk" */;
			productName = FirebaseAuth;
		};
		F9AA64D327C014AC009025D2 /* FirebaseCrashlytics */ = {
			isa = XCSwiftPackageProductDependency;
			package = F9AA64D027C014AC009025D2 /* XCRemoteSwiftPackageReference "firebase-ios-sdk" */;
			productName = FirebaseCrashlytics;
		};
		F9AA64D527C014AC009025D2 /* FirebaseFirestore */ = {
			isa = XCSwiftPackageProductDependency;
			package = F9AA64D027C014AC009025D2 /* XCRemoteSwiftPackageReference "firebase-ios-sdk" */;
			productName = FirebaseFirestore;
		};
/* End XCSwiftPackageProductDependency section */
	};
	rootObject = 2F32056F27BFEDC30026DB6F /* Project object */;
}
